
Microsoft Visual Studio Solution File, Format Version 12.00
# Visual Studio 15
VisualStudioVersion = 15.0.28307.645
MinimumVisualStudioVersion = 10.0.40219.1
Project("{FAE04EC0-301F-11D3-BF4B-00C04F79EFBC}") = "ShiNe-WPF", "ShiNe-WPF\ShiNe-WPF.csproj", "{4DC00A25-A573-4D19-9870-7F15C591443D}"
EndProject
Global
	GlobalSection(SolutionConfigurationPlatforms) = preSolution
		Debug|Any CPU = Debug|Any CPU
		Release|Any CPU = Release|Any CPU
	EndGlobalSection
	GlobalSection(ProjectConfigurationPlatforms) = postSolution
		{4DC00A25-A573-4D19-9870-7F15C591443D}.Debug|Any CPU.ActiveCfg = Debug|Any CPU
		{4DC00A25-A573-4D19-9870-7F15C591443D}.Debug|Any CPU.Build.0 = Debug|Any CPU
		{4DC00A25-A573-4D19-9870-7F15C591443D}.Release|Any CPU.ActiveCfg = Release|Any CPU
		{4DC00A25-A573-4D19-9870-7F15C591443D}.Release|Any CPU.Build.0 = Release|Any CPU
	EndGlobalSection
	GlobalSection(SolutionProperties) = preSolution
		HideSolutionNode = FALSE
	EndGlobalSection
	GlobalSection(ExtensibilityGlobals) = postSolution
		SolutionGuid = {AAC2910E-DC3D-424F-A698-0D92D93B27AE}
	EndGlobalSection
EndGlobal
